
Microsoft Visual Studio Solution File, Format Version 12.00
# Visual Studio 14
VisualStudioVersion = 14.0.25420.1
MinimumVisualStudioVersion = 10.0.40219.1
Project("{8BC9CEB8-8B4A-11D0-8D11-00A0C91BC942}") = "complex", "complex\complex.vcxproj", "{36F9866B-6657-4B67-9FD7-9FE26789966F}"
EndProject
Project("{8BC9CEB8-8B4A-11D0-8D11-00A0C91BC942}") = "rational", "rational\rational.vcxproj", "{6254249D-775C-43D6-B0AF-837511F24E06}"
EndProject
Project("{8BC9CEB8-8B4A-11D0-8D11-00A0C91BC942}") = "vec3d", "vec3d\vec3d.vcxproj", "{6DF44C73-6C95-4511-A31B-22DB1A0BF2E2}"
EndProject
Project("{8BC9CEB8-8B4A-11D0-8D11-00A0C91BC942}") = "vec3dt", "vec3dt\vec3dt.vcxproj", "{6CF8CBB3-38C7-4224-9F21-3795723A1A50}"
EndProject
Project("{8BC9CEB8-8B4A-11D0-8D11-00A0C91BC942}") = "kvaternion", "kvaternion\kvaternion.vcxproj", "{90033187-D690-4D0A-AD31-D76649E4340D}"
EndProject
Project("{8BC9CEB8-8B4A-11D0-8D11-00A0C91BC942}") = "array", "array\array.vcxproj", "{5192E79A-869B-4BED-9BB2-5C1890E06615}"
EndProject
Project("{8BC9CEB8-8B4A-11D0-8D11-00A0C91BC942}") = "matrixu", "matrixu\matrixu.vcxproj", "{8ED43194-D907-4DE8-A400-EE1B5EF7B93F}"
EndProject
Project("{8BC9CEB8-8B4A-11D0-8D11-00A0C91BC942}") = "matrixr", "matrixr\matrixr.vcxproj", "{5B8E7E83-F61A-4761-8897-526F639526C9}"
EndProject
Global
	GlobalSection(SolutionConfigurationPlatforms) = preSolution
		Debug|x64 = Debug|x64
		Debug|x86 = Debug|x86
		Release|x64 = Release|x64
		Release|x86 = Release|x86
	EndGlobalSection
	GlobalSection(ProjectConfigurationPlatforms) = postSolution
		{36F9866B-6657-4B67-9FD7-9FE26789966F}.Debug|x64.ActiveCfg = Debug|x64
		{36F9866B-6657-4B67-9FD7-9FE26789966F}.Debug|x64.Build.0 = Debug|x64
		{36F9866B-6657-4B67-9FD7-9FE26789966F}.Debug|x86.ActiveCfg = Debug|Win32
		{36F9866B-6657-4B67-9FD7-9FE26789966F}.Debug|x86.Build.0 = Debug|Win32
		{36F9866B-6657-4B67-9FD7-9FE26789966F}.Release|x64.ActiveCfg = Release|x64
		{36F9866B-6657-4B67-9FD7-9FE26789966F}.Release|x64.Build.0 = Release|x64
		{36F9866B-6657-4B67-9FD7-9FE26789966F}.Release|x86.ActiveCfg = Release|Win32
		{36F9866B-6657-4B67-9FD7-9FE26789966F}.Release|x86.Build.0 = Release|Win32
		{6254249D-775C-43D6-B0AF-837511F24E06}.Debug|x64.ActiveCfg = Debug|x64
		{6254249D-775C-43D6-B0AF-837511F24E06}.Debug|x64.Build.0 = Debug|x64
		{6254249D-775C-43D6-B0AF-837511F24E06}.Debug|x86.ActiveCfg = Debug|Win32
		{6254249D-775C-43D6-B0AF-837511F24E06}.Debug|x86.Build.0 = Debug|Win32
		{6254249D-775C-43D6-B0AF-837511F24E06}.Release|x64.ActiveCfg = Release|x64
		{6254249D-775C-43D6-B0AF-837511F24E06}.Release|x64.Build.0 = Release|x64
		{6254249D-775C-43D6-B0AF-837511F24E06}.Release|x86.ActiveCfg = Release|Win32
		{6254249D-775C-43D6-B0AF-837511F24E06}.Release|x86.Build.0 = Release|Win32
		{6DF44C73-6C95-4511-A31B-22DB1A0BF2E2}.Debug|x64.ActiveCfg = Debug|x64
		{6DF44C73-6C95-4511-A31B-22DB1A0BF2E2}.Debug|x64.Build.0 = Debug|x64
		{6DF44C73-6C95-4511-A31B-22DB1A0BF2E2}.Debug|x86.ActiveCfg = Debug|Win32
		{6DF44C73-6C95-4511-A31B-22DB1A0BF2E2}.Debug|x86.Build.0 = Debug|Win32
		{6DF44C73-6C95-4511-A31B-22DB1A0BF2E2}.Release|x64.ActiveCfg = Release|x64
		{6DF44C73-6C95-4511-A31B-22DB1A0BF2E2}.Release|x64.Build.0 = Release|x64
		{6DF44C73-6C95-4511-A31B-22DB1A0BF2E2}.Release|x86.ActiveCfg = Release|Win32
		{6DF44C73-6C95-4511-A31B-22DB1A0BF2E2}.Release|x86.Build.0 = Release|Win32
		{6CF8CBB3-38C7-4224-9F21-3795723A1A50}.Debug|x64.ActiveCfg = Debug|x64
		{6CF8CBB3-38C7-4224-9F21-3795723A1A50}.Debug|x64.Build.0 = Debug|x64
		{6CF8CBB3-38C7-4224-9F21-3795723A1A50}.Debug|x86.ActiveCfg = Debug|Win32
		{6CF8CBB3-38C7-4224-9F21-3795723A1A50}.Debug|x86.Build.0 = Debug|Win32
		{6CF8CBB3-38C7-4224-9F21-3795723A1A50}.Release|x64.ActiveCfg = Release|x64
		{6CF8CBB3-38C7-4224-9F21-3795723A1A50}.Release|x64.Build.0 = Release|x64
		{6CF8CBB3-38C7-4224-9F21-3795723A1A50}.Release|x86.ActiveCfg = Release|Win32
		{6CF8CBB3-38C7-4224-9F21-3795723A1A50}.Release|x86.Build.0 = Release|Win32
		{90033187-D690-4D0A-AD31-D76649E4340D}.Debug|x64.ActiveCfg = Debug|x64
		{90033187-D690-4D0A-AD31-D76649E4340D}.Debug|x64.Build.0 = Debug|x64
		{90033187-D690-4D0A-AD31-D76649E4340D}.Debug|x86.ActiveCfg = Debug|Win32
		{90033187-D690-4D0A-AD31-D76649E4340D}.Debug|x86.Build.0 = Debug|Win32
		{90033187-D690-4D0A-AD31-D76649E4340D}.Release|x64.ActiveCfg = Release|x64
		{90033187-D690-4D0A-AD31-D76649E4340D}.Release|x64.Build.0 = Release|x64
		{90033187-D690-4D0A-AD31-D76649E4340D}.Release|x86.ActiveCfg = Release|Win32
		{90033187-D690-4D0A-AD31-D76649E4340D}.Release|x86.Build.0 = Release|Win32
		{5192E79A-869B-4BED-9BB2-5C1890E06615}.Debug|x64.ActiveCfg = Debug|x64
		{5192E79A-869B-4BED-9BB2-5C1890E06615}.Debug|x64.Build.0 = Debug|x64
		{5192E79A-869B-4BED-9BB2-5C1890E06615}.Debug|x86.ActiveCfg = Debug|Win32
		{5192E79A-869B-4BED-9BB2-5C1890E06615}.Debug|x86.Build.0 = Debug|Win32
		{5192E79A-869B-4BED-9BB2-5C1890E06615}.Release|x64.ActiveCfg = Release|x64
		{5192E79A-869B-4BED-9BB2-5C1890E06615}.Release|x64.Build.0 = Release|x64
		{5192E79A-869B-4BED-9BB2-5C1890E06615}.Release|x86.ActiveCfg = Release|Win32
		{5192E79A-869B-4BED-9BB2-5C1890E06615}.Release|x86.Build.0 = Release|Win32
		{8ED43194-D907-4DE8-A400-EE1B5EF7B93F}.Debug|x64.ActiveCfg = Debug|x64
		{8ED43194-D907-4DE8-A400-EE1B5EF7B93F}.Debug|x64.Build.0 = Debug|x64
		{8ED43194-D907-4DE8-A400-EE1B5EF7B93F}.Debug|x86.ActiveCfg = Debug|Win32
		{8ED43194-D907-4DE8-A400-EE1B5EF7B93F}.Debug|x86.Build.0 = Debug|Win32
		{8ED43194-D907-4DE8-A400-EE1B5EF7B93F}.Release|x64.ActiveCfg = Release|x64
		{8ED43194-D907-4DE8-A400-EE1B5EF7B93F}.Release|x64.Build.0 = Release|x64
		{8ED43194-D907-4DE8-A400-EE1B5EF7B93F}.Release|x86.ActiveCfg = Release|Win32
		{8ED43194-D907-4DE8-A400-EE1B5EF7B93F}.Release|x86.Build.0 = Release|Win32
		{5B8E7E83-F61A-4761-8897-526F639526C9}.Debug|x64.ActiveCfg = Debug|x64
		{5B8E7E83-F61A-4761-8897-526F639526C9}.Debug|x64.Build.0 = Debug|x64
		{5B8E7E83-F61A-4761-8897-526F639526C9}.Debug|x86.ActiveCfg = Debug|Win32
		{5B8E7E83-F61A-4761-8897-526F639526C9}.Debug|x86.Build.0 = Debug|Win32
		{5B8E7E83-F61A-4761-8897-526F639526C9}.Release|x64.ActiveCfg = Release|x64
		{5B8E7E83-F61A-4761-8897-526F639526C9}.Release|x64.Build.0 = Release|x64
		{5B8E7E83-F61A-4761-8897-526F639526C9}.Release|x86.ActiveCfg = Release|Win32
		{5B8E7E83-F61A-4761-8897-526F639526C9}.Release|x86.Build.0 = Release|Win32
	EndGlobalSection
	GlobalSection(SolutionProperties) = preSolution
		HideSolutionNode = FALSE
	EndGlobalSection
EndGlobal
