
Microsoft Visual Studio Solution File, Format Version 12.00
# Visual Studio 14
VisualStudioVersion = 14.0.25420.1
MinimumVisualStudioVersion = 10.0.40219.1
Project("{8BC9CEB8-8B4A-11D0-8D11-00A0C91BC942}") = "dsu3558", "dsu3558\dsu3558.vcxproj", "{0B6E82CF-3A6F-4DD8-8591-4C457DE98292}"
EndProject
Project("{8BC9CEB8-8B4A-11D0-8D11-00A0C91BC942}") = "kraskal1377", "kraskal1377\kraskal1377.vcxproj", "{B2283556-A6AF-4A2F-9E90-CD22400B6936}"
EndProject
Global
	GlobalSection(SolutionConfigurationPlatforms) = preSolution
		Debug|x64 = Debug|x64
		Debug|x86 = Debug|x86
		Release|x64 = Release|x64
		Release|x86 = Release|x86
	EndGlobalSection
	GlobalSection(ProjectConfigurationPlatforms) = postSolution
		{0B6E82CF-3A6F-4DD8-8591-4C457DE98292}.Debug|x64.ActiveCfg = Debug|x64
		{0B6E82CF-3A6F-4DD8-8591-4C457DE98292}.Debug|x64.Build.0 = Debug|x64
		{0B6E82CF-3A6F-4DD8-8591-4C457DE98292}.Debug|x86.ActiveCfg = Debug|Win32
		{0B6E82CF-3A6F-4DD8-8591-4C457DE98292}.Debug|x86.Build.0 = Debug|Win32
		{0B6E82CF-3A6F-4DD8-8591-4C457DE98292}.Release|x64.ActiveCfg = Release|x64
		{0B6E82CF-3A6F-4DD8-8591-4C457DE98292}.Release|x64.Build.0 = Release|x64
		{0B6E82CF-3A6F-4DD8-8591-4C457DE98292}.Release|x86.ActiveCfg = Release|Win32
		{0B6E82CF-3A6F-4DD8-8591-4C457DE98292}.Release|x86.Build.0 = Release|Win32
		{B2283556-A6AF-4A2F-9E90-CD22400B6936}.Debug|x64.ActiveCfg = Debug|x64
		{B2283556-A6AF-4A2F-9E90-CD22400B6936}.Debug|x64.Build.0 = Debug|x64
		{B2283556-A6AF-4A2F-9E90-CD22400B6936}.Debug|x86.ActiveCfg = Debug|Win32
		{B2283556-A6AF-4A2F-9E90-CD22400B6936}.Debug|x86.Build.0 = Debug|Win32
		{B2283556-A6AF-4A2F-9E90-CD22400B6936}.Release|x64.ActiveCfg = Release|x64
		{B2283556-A6AF-4A2F-9E90-CD22400B6936}.Release|x64.Build.0 = Release|x64
		{B2283556-A6AF-4A2F-9E90-CD22400B6936}.Release|x86.ActiveCfg = Release|Win32
		{B2283556-A6AF-4A2F-9E90-CD22400B6936}.Release|x86.Build.0 = Release|Win32
	EndGlobalSection
	GlobalSection(SolutionProperties) = preSolution
		HideSolutionNode = FALSE
	EndGlobalSection
EndGlobal
